<?xml version="1.0" encoding="utf-8"?>
<Project ToolsVersion="4.0" xmlns="http://schemas.microsoft.com/developer/msbuild/2003">
  <ItemGroup>
    <ClCompile Include="dependencies\include\glad\glad.c" />
    <ClCompile Include="dependencies\include\imgui\imgui.cpp" />
    <ClCompile Include="dependencies\include\imgui\imgui_draw.cpp" />
    <ClCompile Include="dependencies\include\imgui\imgui_impl_glfw_gl3.cpp" />
    <ClCompile Include="src\main.cpp" />
    <ClCompile Include="dependencies\include\loadpng\lodepng.cpp" />
  </ItemGroup>
  <ItemGroup>
    <ClInclude Include="dependencies\include\ECS.h" />
    <ClInclude Include="dependencies\include\ft2build.h" />
    <ClInclude Include="dependencies\include\skiningLight.h" />
    <ClInclude Include="src\Camera.h" />
    <ClInclude Include="src\Components\BoneObjectComponent.h" />
    <ClInclude Include="src\Components\CameraInfoSingletonComponent.h" />
    <ClInclude Include="src\Components\CameraComponent.h" />
    <ClInclude Include="src\Components\LightingInfoSingletonComponent.h" />
    <ClInclude Include="src\Components\MovementComponent.h" />
    <ClInclude Include="src\Components\ObjectComponent.h" />
    <ClInclude Include="src\Components\ParticleComponent.h" />
    <ClInclude Include="src\Components\PlayerComponent.h" />
    <ClInclude Include="src\Components\PositionComponent.h" />
    <ClInclude Include="src\Components\PostComponent.h" />
    <ClInclude Include="src\Components\SkyboxInfoSingletonComponent.h" />
    <ClInclude Include="src\Components\TextComponent.h" />
    <ClInclude Include="src\Components\WindowInfoSingletonComponent.h" />
    <ClInclude Include="src\Events\KeyEvents.h" />
    <ClInclude Include="src\Events\MouseMovementEvent.h" />
    <ClInclude Include="src\MeshComponent.h" />
    <ClInclude Include="src\Resource.h" />
    <ClInclude Include="src\Shader.h" />
    <ClInclude Include="src\shaders\shader.h" />
    <ClInclude Include="src\Systems\CameraMovingSystem.h" />
    <ClInclude Include="src\Systems\KeyPressingSystem.h" />
    <ClInclude Include="src\Systems\MouseMovingSystem.h" />
    <ClInclude Include="src\Systems\MovementSystem.h" />
    <ClInclude Include="src\Systems\PlayerActionSystem.h" />
    <ClInclude Include="src\Systems\ParticleSystem.h" />
    <ClInclude Include="src\Systems\RecoilSystem.h" />
    <ClInclude Include="src\Systems\RenderSystem.h" />
    <ClInclude Include="src\Game.h" />
    <ClInclude Include="src\Systems\GUISystem.h" />
    <ClInclude Include="src\Systems\RenderSystem\Camera.h" />
    <ClInclude Include="src\Systems\RenderSystem\RenderSystem.h" />
    <ClInclude Include="src\Systems\RenderSystem\Shader.h" />
    <ClInclude Include="src\Systems\CollisionSystem.h" />
    <ClInclude Include="src\Components\CollisionComponent.h" />
    <ClInclude Include="src\Systems\HitProcessingSystem.h" />
    <ClInclude Include="src\Events\HitEvent.h" />
    <ClInclude Include="src\Events\FireEvent.h" />
    <ClInclude Include="src\Components\HPComponent.h" />
    <ClInclude Include="dependencies\include\loadpng\lodepng.h" />
    <ClInclude Include="src\Components\TransformComponent.h" />
    <ClInclude Include="src\Systems\TextSystem.h" />
    <ClInclude Include="src\Events\TextChangeEvent.h" />
    <ClInclude Include="src\Systems\MonsterCreationSystem.h" />
  </ItemGroup>
  <ItemGroup>
    <None Include="src\shaderPrograms\object.fs" />
    <None Include="src\shaderPrograms\object.vs" />
    <None Include="src\Shaders\object.fs" />
    <None Include="src\Shaders\object.vs" />
    <None Include="src\Shaders\particle.fs" />
    <None Include="src\Shaders\particle.vs" />
    <None Include="src\Shaders\post.fs" />
    <None Include="src\Shaders\post.vs" />
    <None Include="src\Shaders\skybox.fs" />
    <None Include="src\Shaders\skybox.vs" />
    <None Include="src\Shaders\text.fs" />
    <None Include="src\Shaders\text.vs" />
    <None Include="src\Shaders\boneDepth.vs" />
    <None Include="src\Shaders\skinning.vs" />
    <None Include="src\Shaders\depth.fs" />
    <None Include="src\Shaders\depth.vs" />
    <None Include="src\Shaders\pbr.fs" />
  </ItemGroup>
</Project>